
Microsoft Visual Studio Solution File, Format Version 11.00
# Visual Studio 2010
Project("{FAE04EC0-301F-11D3-BF4B-00C04F79EFBC}") = "ChaplyginMVCProject", "ChaplyginMVCProject\ChaplyginMVCProject.csproj", "{7C1F621D-A0F6-45C3-B8C6-FEDFA47D3DCE}"
EndProject
Global
	GlobalSection(SolutionConfigurationPlatforms) = preSolution
		Debug|Any CPU = Debug|Any CPU
		Release|Any CPU = Release|Any CPU
	EndGlobalSection
	GlobalSection(ProjectConfigurationPlatforms) = postSolution
		{7C1F621D-A0F6-45C3-B8C6-FEDFA47D3DCE}.Debug|Any CPU.ActiveCfg = Debug|Any CPU
		{7C1F621D-A0F6-45C3-B8C6-FEDFA47D3DCE}.Debug|Any CPU.Build.0 = Debug|Any CPU
		{7C1F621D-A0F6-45C3-B8C6-FEDFA47D3DCE}.Release|Any CPU.ActiveCfg = Release|Any CPU
		{7C1F621D-A0F6-45C3-B8C6-FEDFA47D3DCE}.Release|Any CPU.Build.0 = Release|Any CPU
	EndGlobalSection
	GlobalSection(SolutionProperties) = preSolution
		HideSolutionNode = FALSE
	EndGlobalSection
EndGlobal
